
Microsoft Visual Studio Solution File, Format Version 12.00
# Visual Studio Version 17
VisualStudioVersion = 17.14.37111.16 d17.14
MinimumVisualStudioVersion = 10.0.40219.1
Project("{FAE04EC0-301F-11D3-BF4B-00C04F79EFBC}") = "Ex03.GarageLogic", "Ex03.GarageLogic\Ex03.GarageLogic.csproj", "{76E96F37-9EE6-46DF-BC52-55094223CA65}"
EndProject
Project("{FAE04EC0-301F-11D3-BF4B-00C04F79EFBC}") = "Ex03.ConsoleUI", "Ex03.ConsoleUI\Ex03.ConsoleUI.csproj", "{56941CD5-D9FE-4E22-A25C-4B30C2CA75E3}"
EndProject
Global
	GlobalSection(SolutionConfigurationPlatforms) = preSolution
		Debug|Any CPU = Debug|Any CPU
		Release|Any CPU = Release|Any CPU
	EndGlobalSection
	GlobalSection(ProjectConfigurationPlatforms) = postSolution
		{76E96F37-9EE6-46DF-BC52-55094223CA65}.Debug|Any CPU.ActiveCfg = Debug|Any CPU
		{76E96F37-9EE6-46DF-BC52-55094223CA65}.Debug|Any CPU.Build.0 = Debug|Any CPU
		{76E96F37-9EE6-46DF-BC52-55094223CA65}.Release|Any CPU.ActiveCfg = Release|Any CPU
		{76E96F37-9EE6-46DF-BC52-55094223CA65}.Release|Any CPU.Build.0 = Release|Any CPU
		{56941CD5-D9FE-4E22-A25C-4B30C2CA75E3}.Debug|Any CPU.ActiveCfg = Debug|Any CPU
		{56941CD5-D9FE-4E22-A25C-4B30C2CA75E3}.Debug|Any CPU.Build.0 = Debug|Any CPU
		{56941CD5-D9FE-4E22-A25C-4B30C2CA75E3}.Release|Any CPU.ActiveCfg = Release|Any CPU
		{56941CD5-D9FE-4E22-A25C-4B30C2CA75E3}.Release|Any CPU.Build.0 = Release|Any CPU
	EndGlobalSection
	GlobalSection(SolutionProperties) = preSolution
		HideSolutionNode = FALSE
	EndGlobalSection
	GlobalSection(ExtensibilityGlobals) = postSolution
		SolutionGuid = {D490E37F-4B04-4FD5-A807-32A2DBEA004E}
	EndGlobalSection
EndGlobal
